
Microsoft Visual Studio Solution File, Format Version 12.00
# Visual Studio Version 16
VisualStudioVersion = 16.0.29806.167
MinimumVisualStudioVersion = 10.0.40219.1
Project("{FAE04EC0-301F-11D3-BF4B-00C04F79EFBC}") = "labDirToTags", "labDirToTags\labDirToTags.csproj", "{4D801D9C-A948-4023-B7A3-2E4142008AC1}"
EndProject
Global
	GlobalSection(SolutionConfigurationPlatforms) = preSolution
		Debug|Any CPU = Debug|Any CPU
		Release|Any CPU = Release|Any CPU
	EndGlobalSection
	GlobalSection(ProjectConfigurationPlatforms) = postSolution
		{4D801D9C-A948-4023-B7A3-2E4142008AC1}.Debug|Any CPU.ActiveCfg = Debug|Any CPU
		{4D801D9C-A948-4023-B7A3-2E4142008AC1}.Debug|Any CPU.Build.0 = Debug|Any CPU
		{4D801D9C-A948-4023-B7A3-2E4142008AC1}.Release|Any CPU.ActiveCfg = Release|Any CPU
		{4D801D9C-A948-4023-B7A3-2E4142008AC1}.Release|Any CPU.Build.0 = Release|Any CPU
	EndGlobalSection
	GlobalSection(SolutionProperties) = preSolution
		HideSolutionNode = FALSE
	EndGlobalSection
	GlobalSection(ExtensibilityGlobals) = postSolution
		SolutionGuid = {3E140D0B-CF0F-4D97-A0D8-23EE10F5199D}
	EndGlobalSection
EndGlobal
