
Microsoft Visual Studio Solution File, Format Version 12.00
# Visual Studio Version 16
VisualStudioVersion = 16.0.29806.167
MinimumVisualStudioVersion = 10.0.40219.1
Project("{FAE04EC0-301F-11D3-BF4B-00C04F79EFBC}") = "labPaint", "labPaint\labPaint.csproj", "{CED4A619-4BD7-4ACD-B3E0-4BDFFD045128}"
EndProject
Global
	GlobalSection(SolutionConfigurationPlatforms) = preSolution
		Debug|Any CPU = Debug|Any CPU
		Release|Any CPU = Release|Any CPU
	EndGlobalSection
	GlobalSection(ProjectConfigurationPlatforms) = postSolution
		{CED4A619-4BD7-4ACD-B3E0-4BDFFD045128}.Debug|Any CPU.ActiveCfg = Debug|Any CPU
		{CED4A619-4BD7-4ACD-B3E0-4BDFFD045128}.Debug|Any CPU.Build.0 = Debug|Any CPU
		{CED4A619-4BD7-4ACD-B3E0-4BDFFD045128}.Release|Any CPU.ActiveCfg = Release|Any CPU
		{CED4A619-4BD7-4ACD-B3E0-4BDFFD045128}.Release|Any CPU.Build.0 = Release|Any CPU
	EndGlobalSection
	GlobalSection(SolutionProperties) = preSolution
		HideSolutionNode = FALSE
	EndGlobalSection
	GlobalSection(ExtensibilityGlobals) = postSolution
		SolutionGuid = {59EEEA88-278E-484C-B380-0B36A8DBD8CB}
	EndGlobalSection
EndGlobal
