
Microsoft Visual Studio Solution File, Format Version 12.00
# Visual Studio Version 16
VisualStudioVersion = 16.0.29806.167
MinimumVisualStudioVersion = 10.0.40219.1
Project("{FAE04EC0-301F-11D3-BF4B-00C04F79EFBC}") = "labTagGame", "labTagGame\labTagGame.csproj", "{4A57FC07-5C07-4C63-A6E9-BE3BD435010D}"
EndProject
Global
	GlobalSection(SolutionConfigurationPlatforms) = preSolution
		Debug|Any CPU = Debug|Any CPU
		Release|Any CPU = Release|Any CPU
	EndGlobalSection
	GlobalSection(ProjectConfigurationPlatforms) = postSolution
		{4A57FC07-5C07-4C63-A6E9-BE3BD435010D}.Debug|Any CPU.ActiveCfg = Debug|Any CPU
		{4A57FC07-5C07-4C63-A6E9-BE3BD435010D}.Debug|Any CPU.Build.0 = Debug|Any CPU
		{4A57FC07-5C07-4C63-A6E9-BE3BD435010D}.Release|Any CPU.ActiveCfg = Release|Any CPU
		{4A57FC07-5C07-4C63-A6E9-BE3BD435010D}.Release|Any CPU.Build.0 = Release|Any CPU
	EndGlobalSection
	GlobalSection(SolutionProperties) = preSolution
		HideSolutionNode = FALSE
	EndGlobalSection
	GlobalSection(ExtensibilityGlobals) = postSolution
		SolutionGuid = {C9D0F0C4-2E67-43B9-A913-C5BDF2CA1AE0}
	EndGlobalSection
EndGlobal
